// !$*UTF8*$!
{
	archiveVersion = 1;
	classes = {
	};
	objectVersion = 50;
	objects = {

/* Begin PBXBuildFile section */
		571672E724E5464800E0FFE8 /* NetworkWeatherManager.swift in Sources */ = {isa = PBXBuildFile; fileRef = 571672E624E5464800E0FFE8 /* NetworkWeatherManager.swift */; };
		571672E924E547E700E0FFE8 /* Constants.swift in Sources */ = {isa = PBXBuildFile; fileRef = 571672E824E547E700E0FFE8 /* Constants.swift */; };
		571672EB24E5AEC400E0FFE8 /* CurrentWeatherData.swift in Sources */ = {isa = PBXBuildFile; fileRef = 571672EA24E5AEC400E0FFE8 /* CurrentWeatherData.swift */; };
		5719BA6824E472FD00941C3D /* AppDelegate.swift in Sources */ = {isa = PBXBuildFile; fileRef = 5719BA6724E472FD00941C3D /* AppDelegate.swift */; };
		5719BA6A24E472FD00941C3D /* SceneDelegate.swift in Sources */ = {isa = PBXBuildFile; fileRef = 5719BA6924E472FD00941C3D /* SceneDelegate.swift */; };
		5719BA6C24E472FD00941C3D /* ViewController.swift in Sources */ = {isa = PBXBuildFile; fileRef = 5719BA6B24E472FD00941C3D /* ViewController.swift */; };
		5719BA6F24E472FD00941C3D /* Main.storyboard in Resources */ = {isa = PBXBuildFile; fileRef = 5719BA6D24E472FD00941C3D /* Main.storyboard */; };
		5719BA7124E472FE00941C3D /* Assets.xcassets in Resources */ = {isa = PBXBuildFile; fileRef = 5719BA7024E472FE00941C3D /* Assets.xcassets */; };
		5719BA7424E472FE00941C3D /* LaunchScreen.storyboard in Resources */ = {isa = PBXBuildFile; fileRef = 5719BA7224E472FE00941C3D /* LaunchScreen.storyboard */; };
		5719BA7C24E479EB00941C3D /* ViewController+alertController.swift in Sources */ = {isa = PBXBuildFile; fileRef = 5719BA7B24E479EB00941C3D /* ViewController+alertController.swift */; };
/* End PBXBuildFile section */

/* Begin PBXFileReference section */
		571672E624E5464800E0FFE8 /* NetworkWeatherManager.swift */ = {isa = PBXFileReference; lastKnownFileType = sourcecode.swift; path = NetworkWeatherManager.swift; sourceTree = "<group>"; };
		571672E824E547E700E0FFE8 /* Constants.swift */ = {isa = PBXFileReference; lastKnownFileType = sourcecode.swift; path = Constants.swift; sourceTree = "<group>"; };
		571672EA24E5AEC400E0FFE8 /* CurrentWeatherData.swift */ = {isa = PBXFileReference; lastKnownFileType = sourcecode.swift; path = CurrentWeatherData.swift; sourceTree = "<group>"; };
		5719BA6424E472FD00941C3D /* Weather.app */ = {isa = PBXFileReference; explicitFileType = wrapper.application; includeInIndex = 0; path = Weather.app; sourceTree = BUILT_PRODUCTS_DIR; };
		5719BA6724E472FD00941C3D /* AppDelegate.swift */ = {isa = PBXFileReference; lastKnownFileType = sourcecode.swift; path = AppDelegate.swift; sourceTree = "<group>"; };
		5719BA6924E472FD00941C3D /* SceneDelegate.swift */ = {isa = PBXFileReference; lastKnownFileType = sourcecode.swift; path = SceneDelegate.swift; sourceTree = "<group>"; };
		5719BA6B24E472FD00941C3D /* ViewController.swift */ = {isa = PBXFileReference; lastKnownFileType = sourcecode.swift; path = ViewController.swift; sourceTree = "<group>"; };
		5719BA6E24E472FD00941C3D /* Base */ = {isa = PBXFileReference; lastKnownFileType = file.storyboard; name = Base; path = Base.lproj/Main.storyboard; sourceTree = "<group>"; };
		5719BA7024E472FE00941C3D /* Assets.xcassets */ = {isa = PBXFileReference; lastKnownFileType = folder.assetcatalog; path = Assets.xcassets; sourceTree = "<group>"; };
		5719BA7324E472FE00941C3D /* Base */ = {isa = PBXFileReference; lastKnownFileType = file.storyboard; name = Base; path = Base.lproj/LaunchScreen.storyboard; sourceTree = "<group>"; };
		5719BA7524E472FE00941C3D /* Info.plist */ = {isa = PBXFileReference; lastKnownFileType = text.plist.xml; path = Info.plist; sourceTree = "<group>"; };
		5719BA7B24E479EB00941C3D /* ViewController+alertController.swift */ = {isa = PBXFileReference; lastKnownFileType = sourcecode.swift; path = "ViewController+alertController.swift"; sourceTree = "<group>"; };
/* End PBXFileReference section */

/* Begin PBXFrameworksBuildPhase section */
		5719BA6124E472FD00941C3D /* Frameworks */ = {
			isa = PBXFrameworksBuildPhase;
			buildActionMask = 2147483647;
			files = (
			);
			runOnlyForDeploymentPostprocessing = 0;
		};
/* End PBXFrameworksBuildPhase section */

/* Begin PBXGroup section */
		5719BA5B24E472FD00941C3D = {
			isa = PBXGroup;
			children = (
				5719BA6624E472FD00941C3D /* Weather */,
				5719BA6524E472FD00941C3D /* Products */,
			);
			sourceTree = "<group>";
		};
		5719BA6524E472FD00941C3D /* Products */ = {
			isa = PBXGroup;
			children = (
				5719BA6424E472FD00941C3D /* Weather.app */,
			);
			name = Products;
			sourceTree = "<group>";
		};
		5719BA6624E472FD00941C3D /* Weather */ = {
			isa = PBXGroup;
			children = (
				5719BA7D24E47D6400941C3D /* Models */,
				5719BA7E24E47D7300941C3D /* Views */,
				5719BA7F24E47D9B00941C3D /* View Controller */,
				5719BA8024E47DBA00941C3D /* Extensions */,
				5719BA8124E47DD700941C3D /* Supporting files */,
			);
			path = Weather;
			sourceTree = "<group>";
		};
		5719BA7D24E47D6400941C3D /* Models */ = {
			isa = PBXGroup;
			children = (
				571672E624E5464800E0FFE8 /* NetworkWeatherManager.swift */,
				571672EA24E5AEC400E0FFE8 /* CurrentWeatherData.swift */,
			);
			path = Models;
			sourceTree = "<group>";
		};
		5719BA7E24E47D7300941C3D /* Views */ = {
			isa = PBXGroup;
			children = (
				5719BA6D24E472FD00941C3D /* Main.storyboard */,
				5719BA7224E472FE00941C3D /* LaunchScreen.storyboard */,
			);
			path = Views;
			sourceTree = "<group>";
		};
		5719BA7F24E47D9B00941C3D /* View Controller */ = {
			isa = PBXGroup;
			children = (
				5719BA6B24E472FD00941C3D /* ViewController.swift */,
			);
			path = "View Controller";
			sourceTree = "<group>";
		};
		5719BA8024E47DBA00941C3D /* Extensions */ = {
			isa = PBXGroup;
			children = (
				5719BA7B24E479EB00941C3D /* ViewController+alertController.swift */,
			);
			path = Extensions;
			sourceTree = "<group>";
		};
		5719BA8124E47DD700941C3D /* Supporting files */ = {
			isa = PBXGroup;
			children = (
				571672E824E547E700E0FFE8 /* Constants.swift */,
				5719BA6724E472FD00941C3D /* AppDelegate.swift */,
				5719BA6924E472FD00941C3D /* SceneDelegate.swift */,
				5719BA7024E472FE00941C3D /* Assets.xcassets */,
				5719BA7524E472FE00941C3D /* Info.plist */,
			);
			path = "Supporting files";
			sourceTree = "<group>";
		};
/* End PBXGroup section */

/* Begin PBXNativeTarget section */
		5719BA6324E472FD00941C3D /* Weather */ = {
			isa = PBXNativeTarget;
			buildConfigurationList = 5719BA7824E472FE00941C3D /* Build configuration list for PBXNativeTarget "Weather" */;
			buildPhases = (
				5719BA6024E472FD00941C3D /* Sources */,
				5719BA6124E472FD00941C3D /* Frameworks */,
				5719BA6224E472FD00941C3D /* Resources */,
			);
			buildRules = (
			);
			dependencies = (
			);
			name = Weather;
			productName = Weather;
			productReference = 5719BA6424E472FD00941C3D /* Weather.app */;
			productType = "com.apple.product-type.application";
		};
/* End PBXNativeTarget section */

/* Begin PBXProject section */
		5719BA5C24E472FD00941C3D /* Project object */ = {
			isa = PBXProject;
			attributes = {
				LastSwiftUpdateCheck = 1130;
				LastUpgradeCheck = 1130;
				ORGANIZATIONNAME = "Taisiya V";
				TargetAttributes = {
					5719BA6324E472FD00941C3D = {
						CreatedOnToolsVersion = 11.3;
					};
				};
			};
			buildConfigurationList = 5719BA5F24E472FD00941C3D /* Build configuration list for PBXProject "Weather" */;
			compatibilityVersion = "Xcode 9.3";
			developmentRegion = en;
			hasScannedForEncodings = 0;
			knownRegions = (
				en,
				Base,
			);
			mainGroup = 5719BA5B24E472FD00941C3D;
			productRefGroup = 5719BA6524E472FD00941C3D /* Products */;
			projectDirPath = "";
			projectRoot = "";
			targets = (
				5719BA6324E472FD00941C3D /* Weather */,
			);
		};
/* End PBXProject section */

/* Begin PBXResourcesBuildPhase section */
		5719BA6224E472FD00941C3D /* Resources */ = {
			isa = PBXResourcesBuildPhase;
			buildActionMask = 2147483647;
			files = (
				5719BA7424E472FE00941C3D /* LaunchScreen.storyboard in Resources */,
				5719BA7124E472FE00941C3D /* Assets.xcassets in Resources */,
				5719BA6F24E472FD00941C3D /* Main.storyboard in Resources */,
			);
			runOnlyForDeploymentPostprocessing = 0;
		};
/* End PBXResourcesBuildPhase section */

/* Begin PBXSourcesBuildPhase section */
		5719BA6024E472FD00941C3D /* Sources */ = {
			isa = PBXSourcesBuildPhase;
			buildActionMask = 2147483647;
			files = (
				5719BA6C24E472FD00941C3D /* ViewController.swift in Sources */,
				5719BA7C24E479EB00941C3D /* ViewController+alertController.swift in Sources */,
				571672E724E5464800E0FFE8 /* NetworkWeatherManager.swift in Sources */,
				5719BA6824E472FD00941C3D /* AppDelegate.swift in Sources */,
				5719BA6A24E472FD00941C3D /* SceneDelegate.swift in Sources */,
				571672EB24E5AEC400E0FFE8 /* CurrentWeatherData.swift in Sources */,
				571672E924E547E700E0FFE8 /* Constants.swift in Sources */,
			);
			runOnlyForDeploymentPostprocessing = 0;
		};
/* End PBXSourcesBuildPhase section */

/* Begin PBXVariantGroup section */
		5719BA6D24E472FD00941C3D /* Main.storyboard */ = {
			isa = PBXVariantGroup;
			children = (
				5719BA6E24E472FD00941C3D /* Base */,
			);
			name = Main.storyboard;
			sourceTree = "<group>";
		};
		5719BA7224E472FE00941C3D /* LaunchScreen.storyboard */ = {
			isa = PBXVariantGroup;
			children = (
				5719BA7324E472FE00941C3D /* Base */,
			);
			name = LaunchScreen.storyboard;
			sourceTree = "<group>";
		};
/* End PBXVariantGroup section */

/* Begin XCBuildConfiguration section */
		5719BA7624E472FE00941C3D /* Debug */ = {
			isa = XCBuildConfiguration;
			buildSettings = {
				ALWAYS_SEARCH_USER_PATHS = NO;
				CLANG_ANALYZER_NONNULL = YES;
				CLANG_ANALYZER_NUMBER_OBJECT_CONVERSION = YES_AGGRESSIVE;
				CLANG_CXX_LANGUAGE_STANDARD = "gnu++14";
				CLANG_CXX_LIBRARY = "libc++";
				CLANG_ENABLE_MODULES = YES;
				CLANG_ENABLE_OBJC_ARC = YES;
				CLANG_ENABLE_OBJC_WEAK = YES;
				CLANG_WARN_BLOCK_CAPTURE_AUTORELEASING = YES;
				CLANG_WARN_BOOL_CONVERSION = YES;
				CLANG_WARN_COMMA = YES;
				CLANG_WARN_CONSTANT_CONVERSION = YES;
				CLANG_WARN_DEPRECATED_OBJC_IMPLEMENTATIONS = YES;
				CLANG_WARN_DIRECT_OBJC_ISA_USAGE = YES_ERROR;
				CLANG_WARN_DOCUMENTATION_COMMENTS = YES;
				CLANG_WARN_EMPTY_BODY = YES;
				CLANG_WARN_ENUM_CONVERSION = YES;
				CLANG_WARN_INFINITE_RECURSION = YES;
				CLANG_WARN_INT_CONVERSION = YES;
				CLANG_WARN_NON_LITERAL_NULL_CONVERSION = YES;
				CLANG_WARN_OBJC_IMPLICIT_RETAIN_SELF = YES;
				CLANG_WARN_OBJC_LITERAL_CONVERSION = YES;
				CLANG_WARN_OBJC_ROOT_CLASS = YES_ERROR;
				CLANG_WARN_RANGE_LOOP_ANALYSIS = YES;
				CLANG_WARN_STRICT_PROTOTYPES = YES;
				CLANG_WARN_SUSPICIOUS_MOVE = YES;
				CLANG_WARN_UNGUARDED_AVAILABILITY = YES_AGGRESSIVE;
				CLANG_WARN_UNREACHABLE_CODE = YES;
				CLANG_WARN__DUPLICATE_METHOD_MATCH = YES;
				COPY_PHASE_STRIP = NO;
				DEBUG_INFORMATION_FORMAT = dwarf;
				ENABLE_STRICT_OBJC_MSGSEND = YES;
				ENABLE_TESTABILITY = YES;
				GCC_C_LANGUAGE_STANDARD = gnu11;
				GCC_DYNAMIC_NO_PIC = NO;
				GCC_NO_COMMON_BLOCKS = YES;
				GCC_OPTIMIZATION_LEVEL = 0;
				GCC_PREPROCESSOR_DEFINITIONS = (
					"DEBUG=1",
					"$(inherited)",
				);
				GCC_WARN_64_TO_32_BIT_CONVERSION = YES;
				GCC_WARN_ABOUT_RETURN_TYPE = YES_ERROR;
				GCC_WARN_UNDECLARED_SELECTOR = YES;
				GCC_WARN_UNINITIALIZED_AUTOS = YES_AGGRESSIVE;
				GCC_WARN_UNUSED_FUNCTION = YES;
				GCC_WARN_UNUSED_VARIABLE = YES;
				IPHONEOS_DEPLOYMENT_TARGET = 13.2;
				MTL_ENABLE_DEBUG_INFO = INCLUDE_SOURCE;
				MTL_FAST_MATH = YES;
				ONLY_ACTIVE_ARCH = YES;
				SDKROOT = iphoneos;
				SWIFT_ACTIVE_COMPILATION_CONDITIONS = DEBUG;
				SWIFT_OPTIMIZATION_LEVEL = "-Onone";
			};
			name = Debug;
		};
		5719BA7724E472FE00941C3D /* Release */ = {
			isa = XCBuildConfiguration;
			buildSettings = {
				ALWAYS_SEARCH_USER_PATHS = NO;
				CLANG_ANALYZER_NONNULL = YES;
				CLANG_ANALYZER_NUMBER_OBJECT_CONVERSION = YES_AGGRESSIVE;
				CLANG_CXX_LANGUAGE_STANDARD = "gnu++14";
				CLANG_CXX_LIBRARY = "libc++";
				CLANG_ENABLE_MODULES = YES;
				CLANG_ENABLE_OBJC_ARC = YES;
				CLANG_ENABLE_OBJC_WEAK = YES;
				CLANG_WARN_BLOCK_CAPTURE_AUTORELEASING = YES;
				CLANG_WARN_BOOL_CONVERSION = YES;
				CLANG_WARN_COMMA = YES;
				CLANG_WARN_CONSTANT_CONVERSION = YES;
				CLANG_WARN_DEPRECATED_OBJC_IMPLEMENTATIONS = YES;
				CLANG_WARN_DIRECT_OBJC_ISA_USAGE = YES_ERROR;
				CLANG_WARN_DOCUMENTATION_COMMENTS = YES;
				CLANG_WARN_EMPTY_BODY = YES;
				CLANG_WARN_ENUM_CONVERSION = YES;
				CLANG_WARN_INFINITE_RECURSION = YES;
				CLANG_WARN_INT_CONVERSION = YES;
				CLANG_WARN_NON_LITERAL_NULL_CONVERSION = YES;
				CLANG_WARN_OBJC_IMPLICIT_RETAIN_SELF = YES;
				CLANG_WARN_OBJC_LITERAL_CONVERSION = YES;
				CLANG_WARN_OBJC_ROOT_CLASS = YES_ERROR;
				CLANG_WARN_RANGE_LOOP_ANALYSIS = YES;
				CLANG_WARN_STRICT_PROTOTYPES = YES;
				CLANG_WARN_SUSPICIOUS_MOVE = YES;
				CLANG_WARN_UNGUARDED_AVAILABILITY = YES_AGGRESSIVE;
				CLANG_WARN_UNREACHABLE_CODE = YES;
				CLANG_WARN__DUPLICATE_METHOD_MATCH = YES;
				COPY_PHASE_STRIP = NO;
				DEBUG_INFORMATION_FORMAT = "dwarf-with-dsym";
				ENABLE_NS_ASSERTIONS = NO;
				ENABLE_STRICT_OBJC_MSGSEND = YES;
				GCC_C_LANGUAGE_STANDARD = gnu11;
				GCC_NO_COMMON_BLOCKS = YES;
				GCC_WARN_64_TO_32_BIT_CONVERSION = YES;
				GCC_WARN_ABOUT_RETURN_TYPE = YES_ERROR;
				GCC_WARN_UNDECLARED_SELECTOR = YES;
				GCC_WARN_UNINITIALIZED_AUTOS = YES_AGGRESSIVE;
				GCC_WARN_UNUSED_FUNCTION = YES;
				GCC_WARN_UNUSED_VARIABLE = YES;
				IPHONEOS_DEPLOYMENT_TARGET = 13.2;
				MTL_ENABLE_DEBUG_INFO = NO;
				MTL_FAST_MATH = YES;
				SDKROOT = iphoneos;
				SWIFT_COMPILATION_MODE = wholemodule;
				SWIFT_OPTIMIZATION_LEVEL = "-O";
				VALIDATE_PRODUCT = YES;
			};
			name = Release;
		};
		5719BA7924E472FE00941C3D /* Debug */ = {
			isa = XCBuildConfiguration;
			buildSettings = {
				ASSETCATALOG_COMPILER_APPICON_NAME = AppIcon;
				CODE_SIGN_STYLE = Automatic;
				DEVELOPMENT_TEAM = CDJ4RL6V3L;
				INFOPLIST_FILE = "$(SRCROOT)/Weather/Supporting files/Info.plist";
				LD_RUNPATH_SEARCH_PATHS = (
					"$(inherited)",
					"@executable_path/Frameworks",
				);
				PRODUCT_BUNDLE_IDENTIFIER = ru.tasya.Weather;
				PRODUCT_NAME = "$(TARGET_NAME)";
				SWIFT_VERSION = 5.0;
				TARGETED_DEVICE_FAMILY = "1,2";
			};
			name = Debug;
		};
		5719BA7A24E472FE00941C3D /* Release */ = {
			isa = XCBuildConfiguration;
			buildSettings = {
				ASSETCATALOG_COMPILER_APPICON_NAME = AppIcon;
				CODE_SIGN_STYLE = Automatic;
				DEVELOPMENT_TEAM = CDJ4RL6V3L;
				INFOPLIST_FILE = "$(SRCROOT)/Weather/Supporting files/Info.plist";
				LD_RUNPATH_SEARCH_PATHS = (
					"$(inherited)",
					"@executable_path/Frameworks",
				);
				PRODUCT_BUNDLE_IDENTIFIER = ru.tasya.Weather;
				PRODUCT_NAME = "$(TARGET_NAME)";
				SWIFT_VERSION = 5.0;
				TARGETED_DEVICE_FAMILY = "1,2";
			};
			name = Release;
		};
/* End XCBuildConfiguration section */

/* Begin XCConfigurationList section */
		5719BA5F24E472FD00941C3D /* Build configuration list for PBXProject "Weather" */ = {
			isa = XCConfigurationList;
			buildConfigurations = (
				5719BA7624E472FE00941C3D /* Debug */,
				5719BA7724E472FE00941C3D /* Release */,
			);
			defaultConfigurationIsVisible = 0;
			defaultConfigurationName = Release;
		};
		5719BA7824E472FE00941C3D /* Build configuration list for PBXNativeTarget "Weather" */ = {
			isa = XCConfigurationList;
			buildConfigurations = (
				5719BA7924E472FE00941C3D /* Debug */,
				5719BA7A24E472FE00941C3D /* Release */,
			);
			defaultConfigurationIsVisible = 0;
			defaultConfigurationName = Release;
		};
/* End XCConfigurationList section */
	};
	rootObject = 5719BA5C24E472FD00941C3D /* Project object */;
}
